
Microsoft Visual Studio Solution File, Format Version 12.00
# Visual Studio 2012
Project("{8BC9CEB8-8B4A-11D0-8D11-00A0C91BC942}") = "DataProcessor", "DataProcesser\DataProcesser.vcxproj", "{5A2A8B0D-32F6-4F33-8644-4B7969A38AA0}"
EndProject
Project("{8BC9CEB8-8B4A-11D0-8D11-00A0C91BC942}") = "GUI", "GUI\GUI.vcxproj", "{2363BD57-A1D6-4437-865F-7D4F7B975972}"
EndProject
Project("{8BC9CEB8-8B4A-11D0-8D11-00A0C91BC942}") = "OperationCenter", "OperationCenter\OperationCenter.vcxproj", "{DE05B683-F1BE-41AD-8651-201B9672BC5D}"
EndProject
Global
	GlobalSection(SolutionConfigurationPlatforms) = preSolution
		Debug|Win32 = Debug|Win32
		Release|Win32 = Release|Win32
	EndGlobalSection
	GlobalSection(ProjectConfigurationPlatforms) = postSolution
		{5A2A8B0D-32F6-4F33-8644-4B7969A38AA0}.Debug|Win32.ActiveCfg = Debug|Win32
		{5A2A8B0D-32F6-4F33-8644-4B7969A38AA0}.Debug|Win32.Build.0 = Debug|Win32
		{5A2A8B0D-32F6-4F33-8644-4B7969A38AA0}.Release|Win32.ActiveCfg = Release|Win32
		{5A2A8B0D-32F6-4F33-8644-4B7969A38AA0}.Release|Win32.Build.0 = Release|Win32
		{2363BD57-A1D6-4437-865F-7D4F7B975972}.Debug|Win32.ActiveCfg = Debug|Win32
		{2363BD57-A1D6-4437-865F-7D4F7B975972}.Debug|Win32.Build.0 = Debug|Win32
		{2363BD57-A1D6-4437-865F-7D4F7B975972}.Release|Win32.ActiveCfg = Release|Win32
		{2363BD57-A1D6-4437-865F-7D4F7B975972}.Release|Win32.Build.0 = Release|Win32
		{DE05B683-F1BE-41AD-8651-201B9672BC5D}.Debug|Win32.ActiveCfg = Debug|Win32
		{DE05B683-F1BE-41AD-8651-201B9672BC5D}.Debug|Win32.Build.0 = Debug|Win32
		{DE05B683-F1BE-41AD-8651-201B9672BC5D}.Release|Win32.ActiveCfg = Release|Win32
		{DE05B683-F1BE-41AD-8651-201B9672BC5D}.Release|Win32.Build.0 = Release|Win32
	EndGlobalSection
	GlobalSection(SolutionProperties) = preSolution
		HideSolutionNode = FALSE
	EndGlobalSection
EndGlobal
